
Microsoft Visual Studio Solution File, Format Version 12.00
# Visual Studio Version 17
VisualStudioVersion = 17.4.33110.190
MinimumVisualStudioVersion = 10.0.40219.1
Project("{FAE04EC0-301F-11D3-BF4B-00C04F79EFBC}") = "Kampintro", "Kampintro\Kampintro.csproj", "{1029A20C-6FD3-4CB3-B151-771395D864C5}"
EndProject
Project("{FAE04EC0-301F-11D3-BF4B-00C04F79EFBC}") = "donguler", "donguler\donguler.csproj", "{DD44CEB4-EC6C-43F9-BC02-A72906102BC0}"
EndProject
Project("{FAE04EC0-301F-11D3-BF4B-00C04F79EFBC}") = "Classintro", "Classintro\Classintro.csproj", "{A6288951-8371-4CEE-BB74-530249AD5C00}"
EndProject
Project("{FAE04EC0-301F-11D3-BF4B-00C04F79EFBC}") = "Classnew", "Classnew\Classnew.csproj", "{607B8E41-465B-461C-A7E0-764F9FCC7A77}"
EndProject
Project("{FAE04EC0-301F-11D3-BF4B-00C04F79EFBC}") = "methods", "methods\methods.csproj", "{B4739159-D2B2-4CE2-BF30-EE82BF7C8E7F}"
EndProject
Project("{FAE04EC0-301F-11D3-BF4B-00C04F79EFBC}") = "Matematik", "Matematik\Matematik.csproj", "{FA0B5604-A8F6-4BB1-9AFF-B01AB746F2A3}"
EndProject
Project("{FAE04EC0-301F-11D3-BF4B-00C04F79EFBC}") = "DegerveReferanstipler", "DegerveReferanstipler\DegerveReferanstipler.csproj", "{524A68E4-B4B5-4F77-A90F-9673103774A3}"
EndProject
Global
	GlobalSection(SolutionConfigurationPlatforms) = preSolution
		Debug|Any CPU = Debug|Any CPU
		Release|Any CPU = Release|Any CPU
	EndGlobalSection
	GlobalSection(ProjectConfigurationPlatforms) = postSolution
		{1029A20C-6FD3-4CB3-B151-771395D864C5}.Debug|Any CPU.ActiveCfg = Debug|Any CPU
		{1029A20C-6FD3-4CB3-B151-771395D864C5}.Debug|Any CPU.Build.0 = Debug|Any CPU
		{1029A20C-6FD3-4CB3-B151-771395D864C5}.Release|Any CPU.ActiveCfg = Release|Any CPU
		{1029A20C-6FD3-4CB3-B151-771395D864C5}.Release|Any CPU.Build.0 = Release|Any CPU
		{DD44CEB4-EC6C-43F9-BC02-A72906102BC0}.Debug|Any CPU.ActiveCfg = Debug|Any CPU
		{DD44CEB4-EC6C-43F9-BC02-A72906102BC0}.Debug|Any CPU.Build.0 = Debug|Any CPU
		{DD44CEB4-EC6C-43F9-BC02-A72906102BC0}.Release|Any CPU.ActiveCfg = Release|Any CPU
		{DD44CEB4-EC6C-43F9-BC02-A72906102BC0}.Release|Any CPU.Build.0 = Release|Any CPU
		{A6288951-8371-4CEE-BB74-530249AD5C00}.Debug|Any CPU.ActiveCfg = Debug|Any CPU
		{A6288951-8371-4CEE-BB74-530249AD5C00}.Debug|Any CPU.Build.0 = Debug|Any CPU
		{A6288951-8371-4CEE-BB74-530249AD5C00}.Release|Any CPU.ActiveCfg = Release|Any CPU
		{A6288951-8371-4CEE-BB74-530249AD5C00}.Release|Any CPU.Build.0 = Release|Any CPU
		{607B8E41-465B-461C-A7E0-764F9FCC7A77}.Debug|Any CPU.ActiveCfg = Debug|Any CPU
		{607B8E41-465B-461C-A7E0-764F9FCC7A77}.Debug|Any CPU.Build.0 = Debug|Any CPU
		{607B8E41-465B-461C-A7E0-764F9FCC7A77}.Release|Any CPU.ActiveCfg = Release|Any CPU
		{607B8E41-465B-461C-A7E0-764F9FCC7A77}.Release|Any CPU.Build.0 = Release|Any CPU
		{B4739159-D2B2-4CE2-BF30-EE82BF7C8E7F}.Debug|Any CPU.ActiveCfg = Debug|Any CPU
		{B4739159-D2B2-4CE2-BF30-EE82BF7C8E7F}.Debug|Any CPU.Build.0 = Debug|Any CPU
		{B4739159-D2B2-4CE2-BF30-EE82BF7C8E7F}.Release|Any CPU.ActiveCfg = Release|Any CPU
		{B4739159-D2B2-4CE2-BF30-EE82BF7C8E7F}.Release|Any CPU.Build.0 = Release|Any CPU
		{FA0B5604-A8F6-4BB1-9AFF-B01AB746F2A3}.Debug|Any CPU.ActiveCfg = Debug|Any CPU
		{FA0B5604-A8F6-4BB1-9AFF-B01AB746F2A3}.Debug|Any CPU.Build.0 = Debug|Any CPU
		{FA0B5604-A8F6-4BB1-9AFF-B01AB746F2A3}.Release|Any CPU.ActiveCfg = Release|Any CPU
		{FA0B5604-A8F6-4BB1-9AFF-B01AB746F2A3}.Release|Any CPU.Build.0 = Release|Any CPU
		{524A68E4-B4B5-4F77-A90F-9673103774A3}.Debug|Any CPU.ActiveCfg = Debug|Any CPU
		{524A68E4-B4B5-4F77-A90F-9673103774A3}.Debug|Any CPU.Build.0 = Debug|Any CPU
		{524A68E4-B4B5-4F77-A90F-9673103774A3}.Release|Any CPU.ActiveCfg = Release|Any CPU
		{524A68E4-B4B5-4F77-A90F-9673103774A3}.Release|Any CPU.Build.0 = Release|Any CPU
	EndGlobalSection
	GlobalSection(SolutionProperties) = preSolution
		HideSolutionNode = FALSE
	EndGlobalSection
	GlobalSection(ExtensibilityGlobals) = postSolution
		SolutionGuid = {9B0C3B9A-98FE-442A-9909-43623288E42A}
	EndGlobalSection
EndGlobal
